
Microsoft Visual Studio Solution File, Format Version 12.00
# Visual Studio Version 17
VisualStudioVersion = 17.3.32811.315
MinimumVisualStudioVersion = 10.0.40219.1
Project("{FAE04EC0-301F-11D3-BF4B-00C04F79EFBC}") = "5 лекция", "5 лекция.csproj", "{185CEBD9-6C3C-4D3B-954D-7E79B3457B13}"
EndProject
Global
	GlobalSection(SolutionConfigurationPlatforms) = preSolution
		Debug|Any CPU = Debug|Any CPU
		Release|Any CPU = Release|Any CPU
	EndGlobalSection
	GlobalSection(ProjectConfigurationPlatforms) = postSolution
		{185CEBD9-6C3C-4D3B-954D-7E79B3457B13}.Debug|Any CPU.ActiveCfg = Debug|Any CPU
		{185CEBD9-6C3C-4D3B-954D-7E79B3457B13}.Debug|Any CPU.Build.0 = Debug|Any CPU
		{185CEBD9-6C3C-4D3B-954D-7E79B3457B13}.Release|Any CPU.ActiveCfg = Release|Any CPU
		{185CEBD9-6C3C-4D3B-954D-7E79B3457B13}.Release|Any CPU.Build.0 = Release|Any CPU
	EndGlobalSection
	GlobalSection(SolutionProperties) = preSolution
		HideSolutionNode = FALSE
	EndGlobalSection
	GlobalSection(ExtensibilityGlobals) = postSolution
		SolutionGuid = {4F04FBD2-5EE5-423A-A4C6-30D88F1A81FB}
	EndGlobalSection
EndGlobal
